
Microsoft Visual Studio Solution File, Format Version 12.00
# Visual Studio 15
VisualStudioVersion = 15.0.27428.2037
MinimumVisualStudioVersion = 10.0.40219.1
Project("{2150E333-8FDC-42A3-9474-1A3956D46DE8}") = "src", "src", "{4870EB35-BE3D-4647-9E7B-506AB4467126}"
EndProject
Project("{2150E333-8FDC-42A3-9474-1A3956D46DE8}") = "proj", "proj", "{D9D8396D-BBBB-478D-AE62-CDD470215F43}"
EndProject
Project("{FAE04EC0-301F-11D3-BF4B-00C04F79EFBC}") = "FOCLibrary", "FOCLibrary\FOCLibrary.csproj", "{C2D8971C-8C82-4444-86B2-F33958EACBFC}"
EndProject
Project("{FAE04EC0-301F-11D3-BF4B-00C04F79EFBC}") = "FOC.Web", "src\FOC.Web\FOC.Web.csproj", "{09C6C745-100E-4473-945E-5CE97D84FCCA}"
EndProject
Global
	GlobalSection(SolutionConfigurationPlatforms) = preSolution
		Debug|Any CPU = Debug|Any CPU
		Release|Any CPU = Release|Any CPU
	EndGlobalSection
	GlobalSection(ProjectConfigurationPlatforms) = postSolution
		{C2D8971C-8C82-4444-86B2-F33958EACBFC}.Debug|Any CPU.ActiveCfg = Debug|Any CPU
		{C2D8971C-8C82-4444-86B2-F33958EACBFC}.Debug|Any CPU.Build.0 = Debug|Any CPU
		{C2D8971C-8C82-4444-86B2-F33958EACBFC}.Release|Any CPU.ActiveCfg = Release|Any CPU
		{C2D8971C-8C82-4444-86B2-F33958EACBFC}.Release|Any CPU.Build.0 = Release|Any CPU
		{09C6C745-100E-4473-945E-5CE97D84FCCA}.Debug|Any CPU.ActiveCfg = Debug|Any CPU
		{09C6C745-100E-4473-945E-5CE97D84FCCA}.Debug|Any CPU.Build.0 = Debug|Any CPU
		{09C6C745-100E-4473-945E-5CE97D84FCCA}.Release|Any CPU.ActiveCfg = Release|Any CPU
		{09C6C745-100E-4473-945E-5CE97D84FCCA}.Release|Any CPU.Build.0 = Release|Any CPU
	EndGlobalSection
	GlobalSection(SolutionProperties) = preSolution
		HideSolutionNode = FALSE
	EndGlobalSection
	GlobalSection(NestedProjects) = preSolution
		{C2D8971C-8C82-4444-86B2-F33958EACBFC} = {4870EB35-BE3D-4647-9E7B-506AB4467126}
		{09C6C745-100E-4473-945E-5CE97D84FCCA} = {4870EB35-BE3D-4647-9E7B-506AB4467126}
	EndGlobalSection
	GlobalSection(ExtensibilityGlobals) = postSolution
		SolutionGuid = {CAE22F23-2091-46F1-B91F-08E3B96B5E89}
	EndGlobalSection
EndGlobal
